{
  "object": {
    "pins": [
      {
        "package": "Kingfisher",
        "repositoryURL": "https://github.com/onevcat/Kingfisher",
        "state": {
          "branch": null,
          "revision": "90135885ef506506620c4911cefb55a95ca2a9a2",
          "version": "7.5.0"
        }
      }
    ]
  },
  "version": 1
}
