// !$*UTF8*$!
{
	archiveVersion = 1;
	classes = {
	};
	objectVersion = 51;
	objects = {

/* Begin PBXBuildFile section */
		661EDA43562FE17C54EDE876 /* Pods_FyndStoreTests.framework in Frameworks */ = {isa = PBXBuildFile; fileRef = 6F252E1D4A892470155AF45D /* Pods_FyndStoreTests.framework */; };
		79E4CD11CD4821D2F55EBF0F /* Pods_FyndStore_FyndStoreUITests.framework in Frameworks */ = {isa = PBXBuildFile; fileRef = D98C33BBABF81FEEC01F1D73 /* Pods_FyndStore_FyndStoreUITests.framework */; };
		A14540E06F0F66215A240161 /* Pods_FyndStore.framework in Frameworks */ = {isa = PBXBuildFile; fileRef = 7F159AD34738CBFD2916A6CA /* Pods_FyndStore.framework */; };
		A64168772418F36D0002131A /* AppDelegate.swift in Sources */ = {isa = PBXBuildFile; fileRef = A64168762418F36D0002131A /* AppDelegate.swift */; };
		A64168792418F36D0002131A /* SceneDelegate.swift in Sources */ = {isa = PBXBuildFile; fileRef = A64168782418F36D0002131A /* SceneDelegate.swift */; };
		A641687E2418F36D0002131A /* Main.storyboard in Resources */ = {isa = PBXBuildFile; fileRef = A641687C2418F36D0002131A /* Main.storyboard */; };
		A64168802418F3700002131A /* Assets.xcassets in Resources */ = {isa = PBXBuildFile; fileRef = A641687F2418F3700002131A /* Assets.xcassets */; };
		A64168832418F3700002131A /* LaunchScreen.storyboard in Resources */ = {isa = PBXBuildFile; fileRef = A64168812418F3700002131A /* LaunchScreen.storyboard */; };
		A641688E2418F3700002131A /* FyndStoreTests.swift in Sources */ = {isa = PBXBuildFile; fileRef = A641688D2418F3700002131A /* FyndStoreTests.swift */; };
		A64168992418F3700002131A /* FyndStoreUITests.swift in Sources */ = {isa = PBXBuildFile; fileRef = A64168982418F3700002131A /* FyndStoreUITests.swift */; };
		A64168AA2418F4A70002131A /* ApiNames.swift in Sources */ = {isa = PBXBuildFile; fileRef = A64168A72418F4A70002131A /* ApiNames.swift */; };
		A64168AB2418F4A70002131A /* WebHelper.swift in Sources */ = {isa = PBXBuildFile; fileRef = A64168A82418F4A70002131A /* WebHelper.swift */; };
		A64168AC2418F4A70002131A /* Global.swift in Sources */ = {isa = PBXBuildFile; fileRef = A64168A92418F4A70002131A /* Global.swift */; };
		A64168AE2418F7890002131A /* ProductsVC.swift in Sources */ = {isa = PBXBuildFile; fileRef = A64168AD2418F7890002131A /* ProductsVC.swift */; };
		A64168B02418F7AC0002131A /* ProductImgDetailsVC.swift in Sources */ = {isa = PBXBuildFile; fileRef = A64168AF2418F7AC0002131A /* ProductImgDetailsVC.swift */; };
		A64168B42418FA1F0002131A /* CategoryCell.swift in Sources */ = {isa = PBXBuildFile; fileRef = A64168B22418FA1F0002131A /* CategoryCell.swift */; };
		A64168B52418FA1F0002131A /* CategoryCell.xib in Resources */ = {isa = PBXBuildFile; fileRef = A64168B32418FA1F0002131A /* CategoryCell.xib */; };
		A64168BA2418FC990002131A /* ProductCell.swift in Sources */ = {isa = PBXBuildFile; fileRef = A64168B82418FC990002131A /* ProductCell.swift */; };
		A64168BB2418FC990002131A /* ProductCell.xib in Resources */ = {isa = PBXBuildFile; fileRef = A64168B92418FC990002131A /* ProductCell.xib */; };
		A64168C024191D4D0002131A /* CategoryModel.swift in Sources */ = {isa = PBXBuildFile; fileRef = A64168BF24191D4D0002131A /* CategoryModel.swift */; };
		A64168C224191E570002131A /* ProductModel.swift in Sources */ = {isa = PBXBuildFile; fileRef = A64168C124191E570002131A /* ProductModel.swift */; };
/* End PBXBuildFile section */

/* Begin PBXContainerItemProxy section */
		A641688A2418F3700002131A /* PBXContainerItemProxy */ = {
			isa = PBXContainerItemProxy;
			containerPortal = A641686B2418F36D0002131A /* Project object */;
			proxyType = 1;
			remoteGlobalIDString = A64168722418F36D0002131A;
			remoteInfo = FyndStore;
		};
		A64168952418F3700002131A /* PBXContainerItemProxy */ = {
			isa = PBXContainerItemProxy;
			containerPortal = A641686B2418F36D0002131A /* Project object */;
			proxyType = 1;
			remoteGlobalIDString = A64168722418F36D0002131A;
			remoteInfo = FyndStore;
		};
/* End PBXContainerItemProxy section */

/* Begin PBXFileReference section */
		3C23BB30485E428FE823F79E /* Pods-FyndStore-FyndStoreUITests.release.xcconfig */ = {isa = PBXFileReference; includeInIndex = 1; lastKnownFileType = text.xcconfig; name = "Pods-FyndStore-FyndStoreUITests.release.xcconfig"; path = "Target Support Files/Pods-FyndStore-FyndStoreUITests/Pods-FyndStore-FyndStoreUITests.release.xcconfig"; sourceTree = "<group>"; };
		5911D0A3FA7BA2DF0F3DE781 /* Pods-FyndStoreTests.debug.xcconfig */ = {isa = PBXFileReference; includeInIndex = 1; lastKnownFileType = text.xcconfig; name = "Pods-FyndStoreTests.debug.xcconfig"; path = "Target Support Files/Pods-FyndStoreTests/Pods-FyndStoreTests.debug.xcconfig"; sourceTree = "<group>"; };
		6F252E1D4A892470155AF45D /* Pods_FyndStoreTests.framework */ = {isa = PBXFileReference; explicitFileType = wrapper.framework; includeInIndex = 0; path = Pods_FyndStoreTests.framework; sourceTree = BUILT_PRODUCTS_DIR; };
		7F159AD34738CBFD2916A6CA /* Pods_FyndStore.framework */ = {isa = PBXFileReference; explicitFileType = wrapper.framework; includeInIndex = 0; path = Pods_FyndStore.framework; sourceTree = BUILT_PRODUCTS_DIR; };
		A64168732418F36D0002131A /* FyndStore.app */ = {isa = PBXFileReference; explicitFileType = wrapper.application; includeInIndex = 0; path = FyndStore.app; sourceTree = BUILT_PRODUCTS_DIR; };
		A64168762418F36D0002131A /* AppDelegate.swift */ = {isa = PBXFileReference; lastKnownFileType = sourcecode.swift; path = AppDelegate.swift; sourceTree = "<group>"; };
		A64168782418F36D0002131A /* SceneDelegate.swift */ = {isa = PBXFileReference; lastKnownFileType = sourcecode.swift; path = SceneDelegate.swift; sourceTree = "<group>"; };
		A641687D2418F36D0002131A /* Base */ = {isa = PBXFileReference; lastKnownFileType = file.storyboard; name = Base; path = Base.lproj/Main.storyboard; sourceTree = "<group>"; };
		A641687F2418F3700002131A /* Assets.xcassets */ = {isa = PBXFileReference; lastKnownFileType = folder.assetcatalog; path = Assets.xcassets; sourceTree = "<group>"; };
		A64168822418F3700002131A /* Base */ = {isa = PBXFileReference; lastKnownFileType = file.storyboard; name = Base; path = Base.lproj/LaunchScreen.storyboard; sourceTree = "<group>"; };
		A64168842418F3700002131A /* Info.plist */ = {isa = PBXFileReference; lastKnownFileType = text.plist.xml; path = Info.plist; sourceTree = "<group>"; };
		A64168892418F3700002131A /* FyndStoreTests.xctest */ = {isa = PBXFileReference; explicitFileType = wrapper.cfbundle; includeInIndex = 0; path = FyndStoreTests.xctest; sourceTree = BUILT_PRODUCTS_DIR; };
		A641688D2418F3700002131A /* FyndStoreTests.swift */ = {isa = PBXFileReference; lastKnownFileType = sourcecode.swift; path = FyndStoreTests.swift; sourceTree = "<group>"; };
		A641688F2418F3700002131A /* Info.plist */ = {isa = PBXFileReference; lastKnownFileType = text.plist.xml; path = Info.plist; sourceTree = "<group>"; };
		A64168942418F3700002131A /* FyndStoreUITests.xctest */ = {isa = PBXFileReference; explicitFileType = wrapper.cfbundle; includeInIndex = 0; path = FyndStoreUITests.xctest; sourceTree = BUILT_PRODUCTS_DIR; };
		A64168982418F3700002131A /* FyndStoreUITests.swift */ = {isa = PBXFileReference; lastKnownFileType = sourcecode.swift; path = FyndStoreUITests.swift; sourceTree = "<group>"; };
		A641689A2418F3700002131A /* Info.plist */ = {isa = PBXFileReference; lastKnownFileType = text.plist.xml; path = Info.plist; sourceTree = "<group>"; };
		A64168A72418F4A70002131A /* ApiNames.swift */ = {isa = PBXFileReference; fileEncoding = 4; lastKnownFileType = sourcecode.swift; path = ApiNames.swift; sourceTree = "<group>"; };
		A64168A82418F4A70002131A /* WebHelper.swift */ = {isa = PBXFileReference; fileEncoding = 4; lastKnownFileType = sourcecode.swift; path = WebHelper.swift; sourceTree = "<group>"; };
		A64168A92418F4A70002131A /* Global.swift */ = {isa = PBXFileReference; fileEncoding = 4; lastKnownFileType = sourcecode.swift; path = Global.swift; sourceTree = "<group>"; };
		A64168AD2418F7890002131A /* ProductsVC.swift */ = {isa = PBXFileReference; lastKnownFileType = sourcecode.swift; path = ProductsVC.swift; sourceTree = "<group>"; };
		A64168AF2418F7AC0002131A /* ProductImgDetailsVC.swift */ = {isa = PBXFileReference; lastKnownFileType = sourcecode.swift; path = ProductImgDetailsVC.swift; sourceTree = "<group>"; };
		A64168B22418FA1F0002131A /* CategoryCell.swift */ = {isa = PBXFileReference; lastKnownFileType = sourcecode.swift; path = CategoryCell.swift; sourceTree = "<group>"; };
		A64168B32418FA1F0002131A /* CategoryCell.xib */ = {isa = PBXFileReference; lastKnownFileType = file.xib; path = CategoryCell.xib; sourceTree = "<group>"; };
		A64168B82418FC990002131A /* ProductCell.swift */ = {isa = PBXFileReference; lastKnownFileType = sourcecode.swift; path = ProductCell.swift; sourceTree = "<group>"; };
		A64168B92418FC990002131A /* ProductCell.xib */ = {isa = PBXFileReference; lastKnownFileType = file.xib; path = ProductCell.xib; sourceTree = "<group>"; };
		A64168BF24191D4D0002131A /* CategoryModel.swift */ = {isa = PBXFileReference; lastKnownFileType = sourcecode.swift; path = CategoryModel.swift; sourceTree = "<group>"; };
		A64168C124191E570002131A /* ProductModel.swift */ = {isa = PBXFileReference; lastKnownFileType = sourcecode.swift; path = ProductModel.swift; sourceTree = "<group>"; };
		AF8430D2210A33CE77AA421F /* Pods-FyndStoreTests.release.xcconfig */ = {isa = PBXFileReference; includeInIndex = 1; lastKnownFileType = text.xcconfig; name = "Pods-FyndStoreTests.release.xcconfig"; path = "Target Support Files/Pods-FyndStoreTests/Pods-FyndStoreTests.release.xcconfig"; sourceTree = "<group>"; };
		BD5F95CD9428D4D82CF098BF /* Pods-FyndStore.release.xcconfig */ = {isa = PBXFileReference; includeInIndex = 1; lastKnownFileType = text.xcconfig; name = "Pods-FyndStore.release.xcconfig"; path = "Target Support Files/Pods-FyndStore/Pods-FyndStore.release.xcconfig"; sourceTree = "<group>"; };
		BEE57CA094C0C6A2805BCA0C /* Pods-FyndStore.debug.xcconfig */ = {isa = PBXFileReference; includeInIndex = 1; lastKnownFileType = text.xcconfig; name = "Pods-FyndStore.debug.xcconfig"; path = "Target Support Files/Pods-FyndStore/Pods-FyndStore.debug.xcconfig"; sourceTree = "<group>"; };
		D98C33BBABF81FEEC01F1D73 /* Pods_FyndStore_FyndStoreUITests.framework */ = {isa = PBXFileReference; explicitFileType = wrapper.framework; includeInIndex = 0; path = Pods_FyndStore_FyndStoreUITests.framework; sourceTree = BUILT_PRODUCTS_DIR; };
		FDDB59BEE7229818AEF7F227 /* Pods-FyndStore-FyndStoreUITests.debug.xcconfig */ = {isa = PBXFileReference; includeInIndex = 1; lastKnownFileType = text.xcconfig; name = "Pods-FyndStore-FyndStoreUITests.debug.xcconfig"; path = "Target Support Files/Pods-FyndStore-FyndStoreUITests/Pods-FyndStore-FyndStoreUITests.debug.xcconfig"; sourceTree = "<group>"; };
/* End PBXFileReference section */

/* Begin PBXFrameworksBuildPhase section */
		A64168702418F36D0002131A /* Frameworks */ = {
			isa = PBXFrameworksBuildPhase;
			buildActionMask = 2147483647;
			files = (
				A14540E06F0F66215A240161 /* Pods_FyndStore.framework in Frameworks */,
			);
			runOnlyForDeploymentPostprocessing = 0;
		};
		A64168862418F3700002131A /* Frameworks */ = {
			isa = PBXFrameworksBuildPhase;
			buildActionMask = 2147483647;
			files = (
				661EDA43562FE17C54EDE876 /* Pods_FyndStoreTests.framework in Frameworks */,
			);
			runOnlyForDeploymentPostprocessing = 0;
		};
		A64168912418F3700002131A /* Frameworks */ = {
			isa = PBXFrameworksBuildPhase;
			buildActionMask = 2147483647;
			files = (
				79E4CD11CD4821D2F55EBF0F /* Pods_FyndStore_FyndStoreUITests.framework in Frameworks */,
			);
			runOnlyForDeploymentPostprocessing = 0;
		};
/* End PBXFrameworksBuildPhase section */

/* Begin PBXGroup section */
		A641686A2418F36D0002131A = {
			isa = PBXGroup;
			children = (
				A64168752418F36D0002131A /* FyndStore */,
				A641688C2418F3700002131A /* FyndStoreTests */,
				A64168972418F3700002131A /* FyndStoreUITests */,
				A64168742418F36D0002131A /* Products */,
				FF989DCC3F5C47C3558A92F1 /* Pods */,
				FFEF5ADBC5316055884DCDDD /* Frameworks */,
			);
			sourceTree = "<group>";
		};
		A64168742418F36D0002131A /* Products */ = {
			isa = PBXGroup;
			children = (
				A64168732418F36D0002131A /* FyndStore.app */,
				A64168892418F3700002131A /* FyndStoreTests.xctest */,
				A64168942418F3700002131A /* FyndStoreUITests.xctest */,
			);
			name = Products;
			sourceTree = "<group>";
		};
		A64168752418F36D0002131A /* FyndStore */ = {
			isa = PBXGroup;
			children = (
				A6471169241A55A6002279FE /* Controller */,
				A64168BE24191D320002131A /* Model */,
				A64168B12418F9F50002131A /* View */,
				A64168A62418F4960002131A /* Helper */,
				A64168762418F36D0002131A /* AppDelegate.swift */,
				A64168782418F36D0002131A /* SceneDelegate.swift */,
				A641687C2418F36D0002131A /* Main.storyboard */,
				A641687F2418F3700002131A /* Assets.xcassets */,
				A64168812418F3700002131A /* LaunchScreen.storyboard */,
				A64168842418F3700002131A /* Info.plist */,
			);
			path = FyndStore;
			sourceTree = "<group>";
		};
		A641688C2418F3700002131A /* FyndStoreTests */ = {
			isa = PBXGroup;
			children = (
				A641688D2418F3700002131A /* FyndStoreTests.swift */,
				A641688F2418F3700002131A /* Info.plist */,
			);
			path = FyndStoreTests;
			sourceTree = "<group>";
		};
		A64168972418F3700002131A /* FyndStoreUITests */ = {
			isa = PBXGroup;
			children = (
				A64168982418F3700002131A /* FyndStoreUITests.swift */,
				A641689A2418F3700002131A /* Info.plist */,
			);
			path = FyndStoreUITests;
			sourceTree = "<group>";
		};
		A64168A62418F4960002131A /* Helper */ = {
			isa = PBXGroup;
			children = (
				A64168A72418F4A70002131A /* ApiNames.swift */,
				A64168A92418F4A70002131A /* Global.swift */,
				A64168A82418F4A70002131A /* WebHelper.swift */,
			);
			path = Helper;
			sourceTree = "<group>";
		};
		A64168B12418F9F50002131A /* View */ = {
			isa = PBXGroup;
			children = (
				A64168B72418FC3C0002131A /* Product cell */,
				A64168B62418FC310002131A /* Category cell */,
			);
			path = View;
			sourceTree = "<group>";
		};
		A64168B62418FC310002131A /* Category cell */ = {
			isa = PBXGroup;
			children = (
				A64168B22418FA1F0002131A /* CategoryCell.swift */,
				A64168B32418FA1F0002131A /* CategoryCell.xib */,
			);
			path = "Category cell";
			sourceTree = "<group>";
		};
		A64168B72418FC3C0002131A /* Product cell */ = {
			isa = PBXGroup;
			children = (
				A64168B82418FC990002131A /* ProductCell.swift */,
				A64168B92418FC990002131A /* ProductCell.xib */,
			);
			path = "Product cell";
			sourceTree = "<group>";
		};
		A64168BE24191D320002131A /* Model */ = {
			isa = PBXGroup;
			children = (
				A64168BF24191D4D0002131A /* CategoryModel.swift */,
				A64168C124191E570002131A /* ProductModel.swift */,
			);
			path = Model;
			sourceTree = "<group>";
		};
		A6471169241A55A6002279FE /* Controller */ = {
			isa = PBXGroup;
			children = (
				A64168AD2418F7890002131A /* ProductsVC.swift */,
				A64168AF2418F7AC0002131A /* ProductImgDetailsVC.swift */,
			);
			path = Controller;
			sourceTree = "<group>";
		};
		FF989DCC3F5C47C3558A92F1 /* Pods */ = {
			isa = PBXGroup;
			children = (
				BEE57CA094C0C6A2805BCA0C /* Pods-FyndStore.debug.xcconfig */,
				BD5F95CD9428D4D82CF098BF /* Pods-FyndStore.release.xcconfig */,
				FDDB59BEE7229818AEF7F227 /* Pods-FyndStore-FyndStoreUITests.debug.xcconfig */,
				3C23BB30485E428FE823F79E /* Pods-FyndStore-FyndStoreUITests.release.xcconfig */,
				5911D0A3FA7BA2DF0F3DE781 /* Pods-FyndStoreTests.debug.xcconfig */,
				AF8430D2210A33CE77AA421F /* Pods-FyndStoreTests.release.xcconfig */,
			);
			path = Pods;
			sourceTree = "<group>";
		};
		FFEF5ADBC5316055884DCDDD /* Frameworks */ = {
			isa = PBXGroup;
			children = (
				7F159AD34738CBFD2916A6CA /* Pods_FyndStore.framework */,
				D98C33BBABF81FEEC01F1D73 /* Pods_FyndStore_FyndStoreUITests.framework */,
				6F252E1D4A892470155AF45D /* Pods_FyndStoreTests.framework */,
			);
			name = Frameworks;
			sourceTree = "<group>";
		};
/* End PBXGroup section */

/* Begin PBXNativeTarget section */
		A64168722418F36D0002131A /* FyndStore */ = {
			isa = PBXNativeTarget;
			buildConfigurationList = A641689D2418F3700002131A /* Build configuration list for PBXNativeTarget "FyndStore" */;
			buildPhases = (
				BFE319F2DD802FB5FCC9C1CC /* [CP] Check Pods Manifest.lock */,
				A641686F2418F36D0002131A /* Sources */,
				A64168702418F36D0002131A /* Frameworks */,
				A64168712418F36D0002131A /* Resources */,
				E37033D95263867D743BCF3F /* [CP] Embed Pods Frameworks */,
			);
			buildRules = (
			);
			dependencies = (
			);
			name = FyndStore;
			productName = FyndStore;
			productReference = A64168732418F36D0002131A /* FyndStore.app */;
			productType = "com.apple.product-type.application";
		};
		A64168882418F3700002131A /* FyndStoreTests */ = {
			isa = PBXNativeTarget;
			buildConfigurationList = A64168A02418F3700002131A /* Build configuration list for PBXNativeTarget "FyndStoreTests" */;
			buildPhases = (
				89CC131B41E114C0C56AA9A7 /* [CP] Check Pods Manifest.lock */,
				A64168852418F3700002131A /* Sources */,
				A64168862418F3700002131A /* Frameworks */,
				A64168872418F3700002131A /* Resources */,
			);
			buildRules = (
			);
			dependencies = (
				A641688B2418F3700002131A /* PBXTargetDependency */,
			);
			name = FyndStoreTests;
			productName = FyndStoreTests;
			productReference = A64168892418F3700002131A /* FyndStoreTests.xctest */;
			productType = "com.apple.product-type.bundle.unit-test";
		};
		A64168932418F3700002131A /* FyndStoreUITests */ = {
			isa = PBXNativeTarget;
			buildConfigurationList = A64168A32418F3700002131A /* Build configuration list for PBXNativeTarget "FyndStoreUITests" */;
			buildPhases = (
				68FDC1D42F23C20D3AE0A08B /* [CP] Check Pods Manifest.lock */,
				A64168902418F3700002131A /* Sources */,
				A64168912418F3700002131A /* Frameworks */,
				A64168922418F3700002131A /* Resources */,
				47B5E42683D81CFCF83D2901 /* [CP] Embed Pods Frameworks */,
			);
			buildRules = (
			);
			dependencies = (
				A64168962418F3700002131A /* PBXTargetDependency */,
			);
			name = FyndStoreUITests;
			productName = FyndStoreUITests;
			productReference = A64168942418F3700002131A /* FyndStoreUITests.xctest */;
			productType = "com.apple.product-type.bundle.ui-testing";
		};
/* End PBXNativeTarget section */

/* Begin PBXProject section */
		A641686B2418F36D0002131A /* Project object */ = {
			isa = PBXProject;
			attributes = {
				LastSwiftUpdateCheck = 1130;
				LastUpgradeCheck = 1130;
				ORGANIZATIONNAME = "Kumar Lav";
				TargetAttributes = {
					A64168722418F36D0002131A = {
						CreatedOnToolsVersion = 11.3.1;
					};
					A64168882418F3700002131A = {
						CreatedOnToolsVersion = 11.3.1;
						TestTargetID = A64168722418F36D0002131A;
					};
					A64168932418F3700002131A = {
						CreatedOnToolsVersion = 11.3.1;
						TestTargetID = A64168722418F36D0002131A;
					};
				};
			};
			buildConfigurationList = A641686E2418F36D0002131A /* Build configuration list for PBXProject "FyndStore" */;
			compatibilityVersion = "Xcode 9.3";
			developmentRegion = en;
			hasScannedForEncodings = 0;
			knownRegions = (
				en,
				Base,
			);
			mainGroup = A641686A2418F36D0002131A;
			productRefGroup = A64168742418F36D0002131A /* Products */;
			projectDirPath = "";
			projectRoot = "";
			targets = (
				A64168722418F36D0002131A /* FyndStore */,
				A64168882418F3700002131A /* FyndStoreTests */,
				A64168932418F3700002131A /* FyndStoreUITests */,
			);
		};
/* End PBXProject section */

/* Begin PBXResourcesBuildPhase section */
		A64168712418F36D0002131A /* Resources */ = {
			isa = PBXResourcesBuildPhase;
			buildActionMask = 2147483647;
			files = (
				A64168832418F3700002131A /* LaunchScreen.storyboard in Resources */,
				A64168802418F3700002131A /* Assets.xcassets in Resources */,
				A64168BB2418FC990002131A /* ProductCell.xib in Resources */,
				A641687E2418F36D0002131A /* Main.storyboard in Resources */,
				A64168B52418FA1F0002131A /* CategoryCell.xib in Resources */,
			);
			runOnlyForDeploymentPostprocessing = 0;
		};
		A64168872418F3700002131A /* Resources */ = {
			isa = PBXResourcesBuildPhase;
			buildActionMask = 2147483647;
			files = (
			);
			runOnlyForDeploymentPostprocessing = 0;
		};
		A64168922418F3700002131A /* Resources */ = {
			isa = PBXResourcesBuildPhase;
			buildActionMask = 2147483647;
			files = (
			);
			runOnlyForDeploymentPostprocessing = 0;
		};
/* End PBXResourcesBuildPhase section */

/* Begin PBXShellScriptBuildPhase section */
		47B5E42683D81CFCF83D2901 /* [CP] Embed Pods Frameworks */ = {
			isa = PBXShellScriptBuildPhase;
			buildActionMask = 2147483647;
			files = (
			);
			inputFileListPaths = (
				"${PODS_ROOT}/Target Support Files/Pods-FyndStore-FyndStoreUITests/Pods-FyndStore-FyndStoreUITests-frameworks-${CONFIGURATION}-input-files.xcfilelist",
			);
			name = "[CP] Embed Pods Frameworks";
			outputFileListPaths = (
				"${PODS_ROOT}/Target Support Files/Pods-FyndStore-FyndStoreUITests/Pods-FyndStore-FyndStoreUITests-frameworks-${CONFIGURATION}-output-files.xcfilelist",
			);
			runOnlyForDeploymentPostprocessing = 0;
			shellPath = /bin/sh;
			shellScript = "\"${PODS_ROOT}/Target Support Files/Pods-FyndStore-FyndStoreUITests/Pods-FyndStore-FyndStoreUITests-frameworks.sh\"\n";
			showEnvVarsInLog = 0;
		};
		68FDC1D42F23C20D3AE0A08B /* [CP] Check Pods Manifest.lock */ = {
			isa = PBXShellScriptBuildPhase;
			buildActionMask = 2147483647;
			files = (
			);
			inputFileListPaths = (
			);
			inputPaths = (
				"${PODS_PODFILE_DIR_PATH}/Podfile.lock",
				"${PODS_ROOT}/Manifest.lock",
			);
			name = "[CP] Check Pods Manifest.lock";
			outputFileListPaths = (
			);
			outputPaths = (
				"$(DERIVED_FILE_DIR)/Pods-FyndStore-FyndStoreUITests-checkManifestLockResult.txt",
			);
			runOnlyForDeploymentPostprocessing = 0;
			shellPath = /bin/sh;
			shellScript = "diff \"${PODS_PODFILE_DIR_PATH}/Podfile.lock\" \"${PODS_ROOT}/Manifest.lock\" > /dev/null\nif [ $? != 0 ] ; then\n    # print error to STDERR\n    echo \"error: The sandbox is not in sync with the Podfile.lock. Run 'pod install' or update your CocoaPods installation.\" >&2\n    exit 1\nfi\n# This output is used by Xcode 'outputs' to avoid re-running this script phase.\necho \"SUCCESS\" > \"${SCRIPT_OUTPUT_FILE_0}\"\n";
			showEnvVarsInLog = 0;
		};
		89CC131B41E114C0C56AA9A7 /* [CP] Check Pods Manifest.lock */ = {
			isa = PBXShellScriptBuildPhase;
			buildActionMask = 2147483647;
			files = (
			);
			inputFileListPaths = (
			);
			inputPaths = (
				"${PODS_PODFILE_DIR_PATH}/Podfile.lock",
				"${PODS_ROOT}/Manifest.lock",
			);
			name = "[CP] Check Pods Manifest.lock";
			outputFileListPaths = (
			);
			outputPaths = (
				"$(DERIVED_FILE_DIR)/Pods-FyndStoreTests-checkManifestLockResult.txt",
			);
			runOnlyForDeploymentPostprocessing = 0;
			shellPath = /bin/sh;
			shellScript = "diff \"${PODS_PODFILE_DIR_PATH}/Podfile.lock\" \"${PODS_ROOT}/Manifest.lock\" > /dev/null\nif [ $? != 0 ] ; then\n    # print error to STDERR\n    echo \"error: The sandbox is not in sync with the Podfile.lock. Run 'pod install' or update your CocoaPods installation.\" >&2\n    exit 1\nfi\n# This output is used by Xcode 'outputs' to avoid re-running this script phase.\necho \"SUCCESS\" > \"${SCRIPT_OUTPUT_FILE_0}\"\n";
			showEnvVarsInLog = 0;
		};
		BFE319F2DD802FB5FCC9C1CC /* [CP] Check Pods Manifest.lock */ = {
			isa = PBXShellScriptBuildPhase;
			buildActionMask = 2147483647;
			files = (
			);
			inputFileListPaths = (
			);
			inputPaths = (
				"${PODS_PODFILE_DIR_PATH}/Podfile.lock",
				"${PODS_ROOT}/Manifest.lock",
			);
			name = "[CP] Check Pods Manifest.lock";
			outputFileListPaths = (
			);
			outputPaths = (
				"$(DERIVED_FILE_DIR)/Pods-FyndStore-checkManifestLockResult.txt",
			);
			runOnlyForDeploymentPostprocessing = 0;
			shellPath = /bin/sh;
			shellScript = "diff \"${PODS_PODFILE_DIR_PATH}/Podfile.lock\" \"${PODS_ROOT}/Manifest.lock\" > /dev/null\nif [ $? != 0 ] ; then\n    # print error to STDERR\n    echo \"error: The sandbox is not in sync with the Podfile.lock. Run 'pod install' or update your CocoaPods installation.\" >&2\n    exit 1\nfi\n# This output is used by Xcode 'outputs' to avoid re-running this script phase.\necho \"SUCCESS\" > \"${SCRIPT_OUTPUT_FILE_0}\"\n";
			showEnvVarsInLog = 0;
		};
		E37033D95263867D743BCF3F /* [CP] Embed Pods Frameworks */ = {
			isa = PBXShellScriptBuildPhase;
			buildActionMask = 2147483647;
			files = (
			);
			inputFileListPaths = (
				"${PODS_ROOT}/Target Support Files/Pods-FyndStore/Pods-FyndStore-frameworks-${CONFIGURATION}-input-files.xcfilelist",
			);
			name = "[CP] Embed Pods Frameworks";
			outputFileListPaths = (
				"${PODS_ROOT}/Target Support Files/Pods-FyndStore/Pods-FyndStore-frameworks-${CONFIGURATION}-output-files.xcfilelist",
			);
			runOnlyForDeploymentPostprocessing = 0;
			shellPath = /bin/sh;
			shellScript = "\"${PODS_ROOT}/Target Support Files/Pods-FyndStore/Pods-FyndStore-frameworks.sh\"\n";
			showEnvVarsInLog = 0;
		};
/* End PBXShellScriptBuildPhase section */

/* Begin PBXSourcesBuildPhase section */
		A641686F2418F36D0002131A /* Sources */ = {
			isa = PBXSourcesBuildPhase;
			buildActionMask = 2147483647;
			files = (
				A64168772418F36D0002131A /* AppDelegate.swift in Sources */,
				A64168AC2418F4A70002131A /* Global.swift in Sources */,
				A64168AE2418F7890002131A /* ProductsVC.swift in Sources */,
				A64168C024191D4D0002131A /* CategoryModel.swift in Sources */,
				A64168B42418FA1F0002131A /* CategoryCell.swift in Sources */,
				A64168B02418F7AC0002131A /* ProductImgDetailsVC.swift in Sources */,
				A64168792418F36D0002131A /* SceneDelegate.swift in Sources */,
				A64168C224191E570002131A /* ProductModel.swift in Sources */,
				A64168BA2418FC990002131A /* ProductCell.swift in Sources */,
				A64168AB2418F4A70002131A /* WebHelper.swift in Sources */,
				A64168AA2418F4A70002131A /* ApiNames.swift in Sources */,
			);
			runOnlyForDeploymentPostprocessing = 0;
		};
		A64168852418F3700002131A /* Sources */ = {
			isa = PBXSourcesBuildPhase;
			buildActionMask = 2147483647;
			files = (
				A641688E2418F3700002131A /* FyndStoreTests.swift in Sources */,
			);
			runOnlyForDeploymentPostprocessing = 0;
		};
		A64168902418F3700002131A /* Sources */ = {
			isa = PBXSourcesBuildPhase;
			buildActionMask = 2147483647;
			files = (
				A64168992418F3700002131A /* FyndStoreUITests.swift in Sources */,
			);
			runOnlyForDeploymentPostprocessing = 0;
		};
/* End PBXSourcesBuildPhase section */

/* Begin PBXTargetDependency section */
		A641688B2418F3700002131A /* PBXTargetDependency */ = {
			isa = PBXTargetDependency;
			target = A64168722418F36D0002131A /* FyndStore */;
			targetProxy = A641688A2418F3700002131A /* PBXContainerItemProxy */;
		};
		A64168962418F3700002131A /* PBXTargetDependency */ = {
			isa = PBXTargetDependency;
			target = A64168722418F36D0002131A /* FyndStore */;
			targetProxy = A64168952418F3700002131A /* PBXContainerItemProxy */;
		};
/* End PBXTargetDependency section */

/* Begin PBXVariantGroup section */
		A641687C2418F36D0002131A /* Main.storyboard */ = {
			isa = PBXVariantGroup;
			children = (
				A641687D2418F36D0002131A /* Base */,
			);
			name = Main.storyboard;
			sourceTree = "<group>";
		};
		A64168812418F3700002131A /* LaunchScreen.storyboard */ = {
			isa = PBXVariantGroup;
			children = (
				A64168822418F3700002131A /* Base */,
			);
			name = LaunchScreen.storyboard;
			sourceTree = "<group>";
		};
/* End PBXVariantGroup section */

/* Begin XCBuildConfiguration section */
		A641689B2418F3700002131A /* Debug */ = {
			isa = XCBuildConfiguration;
			buildSettings = {
				ALWAYS_SEARCH_USER_PATHS = NO;
				CLANG_ANALYZER_NONNULL = YES;
				CLANG_ANALYZER_NUMBER_OBJECT_CONVERSION = YES_AGGRESSIVE;
				CLANG_CXX_LANGUAGE_STANDARD = "gnu++14";
				CLANG_CXX_LIBRARY = "libc++";
				CLANG_ENABLE_MODULES = YES;
				CLANG_ENABLE_OBJC_ARC = YES;
				CLANG_ENABLE_OBJC_WEAK = YES;
				CLANG_WARN_BLOCK_CAPTURE_AUTORELEASING = YES;
				CLANG_WARN_BOOL_CONVERSION = YES;
				CLANG_WARN_COMMA = YES;
				CLANG_WARN_CONSTANT_CONVERSION = YES;
				CLANG_WARN_DEPRECATED_OBJC_IMPLEMENTATIONS = YES;
				CLANG_WARN_DIRECT_OBJC_ISA_USAGE = YES_ERROR;
				CLANG_WARN_DOCUMENTATION_COMMENTS = YES;
				CLANG_WARN_EMPTY_BODY = YES;
				CLANG_WARN_ENUM_CONVERSION = YES;
				CLANG_WARN_INFINITE_RECURSION = YES;
				CLANG_WARN_INT_CONVERSION = YES;
				CLANG_WARN_NON_LITERAL_NULL_CONVERSION = YES;
				CLANG_WARN_OBJC_IMPLICIT_RETAIN_SELF = YES;
				CLANG_WARN_OBJC_LITERAL_CONVERSION = YES;
				CLANG_WARN_OBJC_ROOT_CLASS = YES_ERROR;
				CLANG_WARN_RANGE_LOOP_ANALYSIS = YES;
				CLANG_WARN_STRICT_PROTOTYPES = YES;
				CLANG_WARN_SUSPICIOUS_MOVE = YES;
				CLANG_WARN_UNGUARDED_AVAILABILITY = YES_AGGRESSIVE;
				CLANG_WARN_UNREACHABLE_CODE = YES;
				CLANG_WARN__DUPLICATE_METHOD_MATCH = YES;
				COPY_PHASE_STRIP = NO;
				DEBUG_INFORMATION_FORMAT = dwarf;
				ENABLE_STRICT_OBJC_MSGSEND = YES;
				ENABLE_TESTABILITY = YES;
				GCC_C_LANGUAGE_STANDARD = gnu11;
				GCC_DYNAMIC_NO_PIC = NO;
				GCC_NO_COMMON_BLOCKS = YES;
				GCC_OPTIMIZATION_LEVEL = 0;
				GCC_PREPROCESSOR_DEFINITIONS = (
					"DEBUG=1",
					"$(inherited)",
				);
				GCC_WARN_64_TO_32_BIT_CONVERSION = YES;
				GCC_WARN_ABOUT_RETURN_TYPE = YES_ERROR;
				GCC_WARN_UNDECLARED_SELECTOR = YES;
				GCC_WARN_UNINITIALIZED_AUTOS = YES_AGGRESSIVE;
				GCC_WARN_UNUSED_FUNCTION = YES;
				GCC_WARN_UNUSED_VARIABLE = YES;
				IPHONEOS_DEPLOYMENT_TARGET = 13.2;
				MTL_ENABLE_DEBUG_INFO = INCLUDE_SOURCE;
				MTL_FAST_MATH = YES;
				ONLY_ACTIVE_ARCH = YES;
				SDKROOT = iphoneos;
				SWIFT_ACTIVE_COMPILATION_CONDITIONS = DEBUG;
				SWIFT_OPTIMIZATION_LEVEL = "-Onone";
			};
			name = Debug;
		};
		A641689C2418F3700002131A /* Release */ = {
			isa = XCBuildConfiguration;
			buildSettings = {
				ALWAYS_SEARCH_USER_PATHS = NO;
				CLANG_ANALYZER_NONNULL = YES;
				CLANG_ANALYZER_NUMBER_OBJECT_CONVERSION = YES_AGGRESSIVE;
				CLANG_CXX_LANGUAGE_STANDARD = "gnu++14";
				CLANG_CXX_LIBRARY = "libc++";
				CLANG_ENABLE_MODULES = YES;
				CLANG_ENABLE_OBJC_ARC = YES;
				CLANG_ENABLE_OBJC_WEAK = YES;
				CLANG_WARN_BLOCK_CAPTURE_AUTORELEASING = YES;
				CLANG_WARN_BOOL_CONVERSION = YES;
				CLANG_WARN_COMMA = YES;
				CLANG_WARN_CONSTANT_CONVERSION = YES;
				CLANG_WARN_DEPRECATED_OBJC_IMPLEMENTATIONS = YES;
				CLANG_WARN_DIRECT_OBJC_ISA_USAGE = YES_ERROR;
				CLANG_WARN_DOCUMENTATION_COMMENTS = YES;
				CLANG_WARN_EMPTY_BODY = YES;
				CLANG_WARN_ENUM_CONVERSION = YES;
				CLANG_WARN_INFINITE_RECURSION = YES;
				CLANG_WARN_INT_CONVERSION = YES;
				CLANG_WARN_NON_LITERAL_NULL_CONVERSION = YES;
				CLANG_WARN_OBJC_IMPLICIT_RETAIN_SELF = YES;
				CLANG_WARN_OBJC_LITERAL_CONVERSION = YES;
				CLANG_WARN_OBJC_ROOT_CLASS = YES_ERROR;
				CLANG_WARN_RANGE_LOOP_ANALYSIS = YES;
				CLANG_WARN_STRICT_PROTOTYPES = YES;
				CLANG_WARN_SUSPICIOUS_MOVE = YES;
				CLANG_WARN_UNGUARDED_AVAILABILITY = YES_AGGRESSIVE;
				CLANG_WARN_UNREACHABLE_CODE = YES;
				CLANG_WARN__DUPLICATE_METHOD_MATCH = YES;
				COPY_PHASE_STRIP = NO;
				DEBUG_INFORMATION_FORMAT = "dwarf-with-dsym";
				ENABLE_NS_ASSERTIONS = NO;
				ENABLE_STRICT_OBJC_MSGSEND = YES;
				GCC_C_LANGUAGE_STANDARD = gnu11;
				GCC_NO_COMMON_BLOCKS = YES;
				GCC_WARN_64_TO_32_BIT_CONVERSION = YES;
				GCC_WARN_ABOUT_RETURN_TYPE = YES_ERROR;
				GCC_WARN_UNDECLARED_SELECTOR = YES;
				GCC_WARN_UNINITIALIZED_AUTOS = YES_AGGRESSIVE;
				GCC_WARN_UNUSED_FUNCTION = YES;
				GCC_WARN_UNUSED_VARIABLE = YES;
				IPHONEOS_DEPLOYMENT_TARGET = 13.2;
				MTL_ENABLE_DEBUG_INFO = NO;
				MTL_FAST_MATH = YES;
				SDKROOT = iphoneos;
				SWIFT_COMPILATION_MODE = wholemodule;
				SWIFT_OPTIMIZATION_LEVEL = "-O";
				VALIDATE_PRODUCT = YES;
			};
			name = Release;
		};
		A641689E2418F3700002131A /* Debug */ = {
			isa = XCBuildConfiguration;
			baseConfigurationReference = BEE57CA094C0C6A2805BCA0C /* Pods-FyndStore.debug.xcconfig */;
			buildSettings = {
				ASSETCATALOG_COMPILER_APPICON_NAME = AppIcon;
				CODE_SIGN_STYLE = Automatic;
				DEVELOPMENT_TEAM = 3R7KB94X5D;
				INFOPLIST_FILE = FyndStore/Info.plist;
				LD_RUNPATH_SEARCH_PATHS = (
					"$(inherited)",
					"@executable_path/Frameworks",
				);
				PRODUCT_BUNDLE_IDENTIFIER = toletnetworks.com.FyndStore;
				PRODUCT_NAME = "$(TARGET_NAME)";
				SWIFT_VERSION = 5.0;
				TARGETED_DEVICE_FAMILY = "1,2";
			};
			name = Debug;
		};
		A641689F2418F3700002131A /* Release */ = {
			isa = XCBuildConfiguration;
			baseConfigurationReference = BD5F95CD9428D4D82CF098BF /* Pods-FyndStore.release.xcconfig */;
			buildSettings = {
				ASSETCATALOG_COMPILER_APPICON_NAME = AppIcon;
				CODE_SIGN_STYLE = Automatic;
				DEVELOPMENT_TEAM = 3R7KB94X5D;
				INFOPLIST_FILE = FyndStore/Info.plist;
				LD_RUNPATH_SEARCH_PATHS = (
					"$(inherited)",
					"@executable_path/Frameworks",
				);
				PRODUCT_BUNDLE_IDENTIFIER = toletnetworks.com.FyndStore;
				PRODUCT_NAME = "$(TARGET_NAME)";
				SWIFT_VERSION = 5.0;
				TARGETED_DEVICE_FAMILY = "1,2";
			};
			name = Release;
		};
		A64168A12418F3700002131A /* Debug */ = {
			isa = XCBuildConfiguration;
			baseConfigurationReference = 5911D0A3FA7BA2DF0F3DE781 /* Pods-FyndStoreTests.debug.xcconfig */;
			buildSettings = {
				ALWAYS_EMBED_SWIFT_STANDARD_LIBRARIES = YES;
				BUNDLE_LOADER = "$(TEST_HOST)";
				CODE_SIGN_STYLE = Automatic;
				DEVELOPMENT_TEAM = 3R7KB94X5D;
				INFOPLIST_FILE = FyndStoreTests/Info.plist;
				IPHONEOS_DEPLOYMENT_TARGET = 13.2;
				LD_RUNPATH_SEARCH_PATHS = (
					"$(inherited)",
					"@executable_path/Frameworks",
					"@loader_path/Frameworks",
				);
				PRODUCT_BUNDLE_IDENTIFIER = toletnetworks.com.FyndStoreTests;
				PRODUCT_NAME = "$(TARGET_NAME)";
				SWIFT_VERSION = 5.0;
				TARGETED_DEVICE_FAMILY = "1,2";
				TEST_HOST = "$(BUILT_PRODUCTS_DIR)/FyndStore.app/FyndStore";
			};
			name = Debug;
		};
		A64168A22418F3700002131A /* Release */ = {
			isa = XCBuildConfiguration;
			baseConfigurationReference = AF8430D2210A33CE77AA421F /* Pods-FyndStoreTests.release.xcconfig */;
			buildSettings = {
				ALWAYS_EMBED_SWIFT_STANDARD_LIBRARIES = YES;
				BUNDLE_LOADER = "$(TEST_HOST)";
				CODE_SIGN_STYLE = Automatic;
				DEVELOPMENT_TEAM = 3R7KB94X5D;
				INFOPLIST_FILE = FyndStoreTests/Info.plist;
				IPHONEOS_DEPLOYMENT_TARGET = 13.2;
				LD_RUNPATH_SEARCH_PATHS = (
					"$(inherited)",
					"@executable_path/Frameworks",
					"@loader_path/Frameworks",
				);
				PRODUCT_BUNDLE_IDENTIFIER = toletnetworks.com.FyndStoreTests;
				PRODUCT_NAME = "$(TARGET_NAME)";
				SWIFT_VERSION = 5.0;
				TARGETED_DEVICE_FAMILY = "1,2";
				TEST_HOST = "$(BUILT_PRODUCTS_DIR)/FyndStore.app/FyndStore";
			};
			name = Release;
		};
		A64168A42418F3700002131A /* Debug */ = {
			isa = XCBuildConfiguration;
			baseConfigurationReference = FDDB59BEE7229818AEF7F227 /* Pods-FyndStore-FyndStoreUITests.debug.xcconfig */;
			buildSettings = {
				ALWAYS_EMBED_SWIFT_STANDARD_LIBRARIES = YES;
				CODE_SIGN_STYLE = Automatic;
				DEVELOPMENT_TEAM = 3R7KB94X5D;
				INFOPLIST_FILE = FyndStoreUITests/Info.plist;
				LD_RUNPATH_SEARCH_PATHS = (
					"$(inherited)",
					"@executable_path/Frameworks",
					"@loader_path/Frameworks",
				);
				PRODUCT_BUNDLE_IDENTIFIER = toletnetworks.com.FyndStoreUITests;
				PRODUCT_NAME = "$(TARGET_NAME)";
				SWIFT_VERSION = 5.0;
				TARGETED_DEVICE_FAMILY = "1,2";
				TEST_TARGET_NAME = FyndStore;
			};
			name = Debug;
		};
		A64168A52418F3700002131A /* Release */ = {
			isa = XCBuildConfiguration;
			baseConfigurationReference = 3C23BB30485E428FE823F79E /* Pods-FyndStore-FyndStoreUITests.release.xcconfig */;
			buildSettings = {
				ALWAYS_EMBED_SWIFT_STANDARD_LIBRARIES = YES;
				CODE_SIGN_STYLE = Automatic;
				DEVELOPMENT_TEAM = 3R7KB94X5D;
				INFOPLIST_FILE = FyndStoreUITests/Info.plist;
				LD_RUNPATH_SEARCH_PATHS = (
					"$(inherited)",
					"@executable_path/Frameworks",
					"@loader_path/Frameworks",
				);
				PRODUCT_BUNDLE_IDENTIFIER = toletnetworks.com.FyndStoreUITests;
				PRODUCT_NAME = "$(TARGET_NAME)";
				SWIFT_VERSION = 5.0;
				TARGETED_DEVICE_FAMILY = "1,2";
				TEST_TARGET_NAME = FyndStore;
			};
			name = Release;
		};
/* End XCBuildConfiguration section */

/* Begin XCConfigurationList section */
		A641686E2418F36D0002131A /* Build configuration list for PBXProject "FyndStore" */ = {
			isa = XCConfigurationList;
			buildConfigurations = (
				A641689B2418F3700002131A /* Debug */,
				A641689C2418F3700002131A /* Release */,
			);
			defaultConfigurationIsVisible = 0;
			defaultConfigurationName = Release;
		};
		A641689D2418F3700002131A /* Build configuration list for PBXNativeTarget "FyndStore" */ = {
			isa = XCConfigurationList;
			buildConfigurations = (
				A641689E2418F3700002131A /* Debug */,
				A641689F2418F3700002131A /* Release */,
			);
			defaultConfigurationIsVisible = 0;
			defaultConfigurationName = Release;
		};
		A64168A02418F3700002131A /* Build configuration list for PBXNativeTarget "FyndStoreTests" */ = {
			isa = XCConfigurationList;
			buildConfigurations = (
				A64168A12418F3700002131A /* Debug */,
				A64168A22418F3700002131A /* Release */,
			);
			defaultConfigurationIsVisible = 0;
			defaultConfigurationName = Release;
		};
		A64168A32418F3700002131A /* Build configuration list for PBXNativeTarget "FyndStoreUITests" */ = {
			isa = XCConfigurationList;
			buildConfigurations = (
				A64168A42418F3700002131A /* Debug */,
				A64168A52418F3700002131A /* Release */,
			);
			defaultConfigurationIsVisible = 0;
			defaultConfigurationName = Release;
		};
/* End XCConfigurationList section */
	};
	rootObject = A641686B2418F36D0002131A /* Project object */;
}
